
Microsoft Visual Studio Solution File, Format Version 12.00
# Visual Studio Version 17
VisualStudioVersion = 17.6.33801.468
MinimumVisualStudioVersion = 10.0.40219.1
Project("{FAE04EC0-301F-11D3-BF4B-00C04F79EFBC}") = "SauceDEMO", "SauceDEMO.csproj", "{6308A6D4-FAEB-4810-BC88-4F202AC3DBC6}"
EndProject
Global
	GlobalSection(SolutionConfigurationPlatforms) = preSolution
		Debug|Any CPU = Debug|Any CPU
		Release|Any CPU = Release|Any CPU
	EndGlobalSection
	GlobalSection(ProjectConfigurationPlatforms) = postSolution
		{6308A6D4-FAEB-4810-BC88-4F202AC3DBC6}.Debug|Any CPU.ActiveCfg = Debug|Any CPU
		{6308A6D4-FAEB-4810-BC88-4F202AC3DBC6}.Debug|Any CPU.Build.0 = Debug|Any CPU
		{6308A6D4-FAEB-4810-BC88-4F202AC3DBC6}.Release|Any CPU.ActiveCfg = Release|Any CPU
		{6308A6D4-FAEB-4810-BC88-4F202AC3DBC6}.Release|Any CPU.Build.0 = Release|Any CPU
	EndGlobalSection
	GlobalSection(SolutionProperties) = preSolution
		HideSolutionNode = FALSE
	EndGlobalSection
	GlobalSection(ExtensibilityGlobals) = postSolution
		SolutionGuid = {B8905DA6-AE74-4693-9FA1-33763B05A95F}
	EndGlobalSection
EndGlobal
